
Microsoft Visual Studio Solution File, Format Version 12.00
# Visual Studio Version 16
VisualStudioVersion = 16.0.29613.14
MinimumVisualStudioVersion = 10.0.40219.1
Project("{FAE04EC0-301F-11D3-BF4B-00C04F79EFBC}") = "lab6_oop", "lab6_oop\lab6_oop.csproj", "{7D0E920D-A031-4E27-9DF9-F1BF5501EDFD}"
EndProject
Global
	GlobalSection(SolutionConfigurationPlatforms) = preSolution
		Debug|Any CPU = Debug|Any CPU
		Release|Any CPU = Release|Any CPU
	EndGlobalSection
	GlobalSection(ProjectConfigurationPlatforms) = postSolution
		{7D0E920D-A031-4E27-9DF9-F1BF5501EDFD}.Debug|Any CPU.ActiveCfg = Debug|Any CPU
		{7D0E920D-A031-4E27-9DF9-F1BF5501EDFD}.Debug|Any CPU.Build.0 = Debug|Any CPU
		{7D0E920D-A031-4E27-9DF9-F1BF5501EDFD}.Release|Any CPU.ActiveCfg = Release|Any CPU
		{7D0E920D-A031-4E27-9DF9-F1BF5501EDFD}.Release|Any CPU.Build.0 = Release|Any CPU
	EndGlobalSection
	GlobalSection(SolutionProperties) = preSolution
		HideSolutionNode = FALSE
	EndGlobalSection
	GlobalSection(ExtensibilityGlobals) = postSolution
		SolutionGuid = {1ADBEBB7-B926-4E2C-9F80-B533FEE9A691}
	EndGlobalSection
EndGlobal
